Microsoft Visual Studio Solution File, Format Version 12.00
# Visual Studio Version 17
VisualStudioVersion = 17.14.36603.0
MinimumVisualStudioVersion = 10.0.40219.1
Project("{FAE04EC0-301F-11D3-BF4B-00C04F79EFBC}") = "Overflow.AppHost", "Overflow.AppHost\Overflow.AppHost.csproj", "{9B0AABFA-24E2-482D-95BF-C657BD9E0E53}"
EndProject
Project("{FAE04EC0-301F-11D3-BF4B-00C04F79EFBC}") = "Overflow.ServiceDefaults", "Overflow.ServiceDefaults\Overflow.ServiceDefaults.csproj", "{9FFD5E45-942B-0C74-AB32-283D13458368}"
EndProject
Project("{FAE04EC0-301F-11D3-BF4B-00C04F79EFBC}") = "Overflow.ApiService", "Overflow.ApiService\Overflow.ApiService.csproj", "{1A97BB9E-D118-E2BE-35B2-621F45F8A1B6}"
EndProject
Project("{FAE04EC0-301F-11D3-BF4B-00C04F79EFBC}") = "Overflow.Web", "Overflow.Web\Overflow.Web.csproj", "{61665C2F-CCBF-12E8-0F9B-E5872DE9D13B}"
EndProject
Project("{2150E333-8FDC-42A3-9474-1A3956D46DE8}") = "Solution Items", "Solution Items", "{8EC462FD-D22E-90A8-E5CE-7E832BA40C5D}"
	ProjectSection(SolutionItems) = preProject
		notes.txt = notes.txt
	EndProjectSection
EndProject
Project("{2150E333-8FDC-42A3-9474-1A3956D46DE8}") = "Services", "Services", "{02EA681E-C7D8-13C7-8484-4AC65E1B71E8}"
EndProject
Project("{FAE04EC0-301F-11D3-BF4B-00C04F79EFBC}") = "QuestionService", "QuestionService\QuestionService.csproj", "{BF2D466A-30E9-2EEB-6FE4-18AA4EB479D1}"
EndProject
Project("{FAE04EC0-301F-11D3-BF4B-00C04F79EFBC}") = "SearchService", "SearchService\SearchService.csproj", "{7BF52C29-9A04-C18F-1986-1B6D0DEC934B}"
EndProject
Project("{FAE04EC0-301F-11D3-BF4B-00C04F79EFBC}") = "Contracts", "Contracts\Contracts.csproj", "{A2A29BD0-C023-48CB-B8D2-011867714CBC}"
EndProject
Project("{FAE04EC0-301F-11D3-BF4B-00C04F79EFBC}") = "Common", "Common\Common.csproj", "{276A2FEC-6A08-4CC6-ABD9-A046D8770626}"
EndProject
Project("{FAE04EC0-301F-11D3-BF4B-00C04F79EFBC}") = "ProfileService", "ProfileService\ProfileService.csproj", "{AB9ABDB6-28BE-7BC0-D701-EBE86F3AC022}"
EndProject
Global
	GlobalSection(SolutionConfigurationPlatforms) = preSolution
		Debug|Any CPU = Debug|Any CPU
		Release|Any CPU = Release|Any CPU
	EndGlobalSection
	GlobalSection(ProjectConfigurationPlatforms) = postSolution
		{9B0AABFA-24E2-482D-95BF-C657BD9E0E53}.Debug|Any CPU.ActiveCfg = Debug|Any CPU
		{9B0AABFA-24E2-482D-95BF-C657BD9E0E53}.Debug|Any CPU.Build.0 = Debug|Any CPU
		{9B0AABFA-24E2-482D-95BF-C657BD9E0E53}.Release|Any CPU.ActiveCfg = Release|Any CPU
		{9B0AABFA-24E2-482D-95BF-C657BD9E0E53}.Release|Any CPU.Build.0 = Release|Any CPU
		{9FFD5E45-942B-0C74-AB32-283D13458368}.Debug|Any CPU.ActiveCfg = Debug|Any CPU
		{9FFD5E45-942B-0C74-AB32-283D13458368}.Debug|Any CPU.Build.0 = Debug|Any CPU
		{9FFD5E45-942B-0C74-AB32-283D13458368}.Release|Any CPU.ActiveCfg = Release|Any CPU
		{9FFD5E45-942B-0C74-AB32-283D13458368}.Release|Any CPU.Build.0 = Release|Any CPU
		{1A97BB9E-D118-E2BE-35B2-621F45F8A1B6}.Debug|Any CPU.ActiveCfg = Debug|Any CPU
		{1A97BB9E-D118-E2BE-35B2-621F45F8A1B6}.Debug|Any CPU.Build.0 = Debug|Any CPU
		{1A97BB9E-D118-E2BE-35B2-621F45F8A1B6}.Release|Any CPU.ActiveCfg = Release|Any CPU
		{1A97BB9E-D118-E2BE-35B2-621F45F8A1B6}.Release|Any CPU.Build.0 = Release|Any CPU
		{61665C2F-CCBF-12E8-0F9B-E5872DE9D13B}.Debug|Any CPU.ActiveCfg = Debug|Any CPU
		{61665C2F-CCBF-12E8-0F9B-E5872DE9D13B}.Debug|Any CPU.Build.0 = Debug|Any CPU
		{61665C2F-CCBF-12E8-0F9B-E5872DE9D13B}.Release|Any CPU.ActiveCfg = Release|Any CPU
		{61665C2F-CCBF-12E8-0F9B-E5872DE9D13B}.Release|Any CPU.Build.0 = Release|Any CPU
		{BF2D466A-30E9-2EEB-6FE4-18AA4EB479D1}.Debug|Any CPU.ActiveCfg = Debug|Any CPU
		{BF2D466A-30E9-2EEB-6FE4-18AA4EB479D1}.Debug|Any CPU.Build.0 = Debug|Any CPU
		{BF2D466A-30E9-2EEB-6FE4-18AA4EB479D1}.Release|Any CPU.ActiveCfg = Release|Any CPU
		{BF2D466A-30E9-2EEB-6FE4-18AA4EB479D1}.Release|Any CPU.Build.0 = Release|Any CPU
		{7BF52C29-9A04-C18F-1986-1B6D0DEC934B}.Debug|Any CPU.ActiveCfg = Debug|Any CPU
		{7BF52C29-9A04-C18F-1986-1B6D0DEC934B}.Debug|Any CPU.Build.0 = Debug|Any CPU
		{7BF52C29-9A04-C18F-1986-1B6D0DEC934B}.Release|Any CPU.ActiveCfg = Release|Any CPU
		{7BF52C29-9A04-C18F-1986-1B6D0DEC934B}.Release|Any CPU.Build.0 = Release|Any CPU
		{A2A29BD0-C023-48CB-B8D2-011867714CBC}.Debug|Any CPU.ActiveCfg = Debug|Any CPU
		{A2A29BD0-C023-48CB-B8D2-011867714CBC}.Debug|Any CPU.Build.0 = Debug|Any CPU
		{A2A29BD0-C023-48CB-B8D2-011867714CBC}.Release|Any CPU.ActiveCfg = Release|Any CPU
		{A2A29BD0-C023-48CB-B8D2-011867714CBC}.Release|Any CPU.Build.0 = Release|Any CPU
		{276A2FEC-6A08-4CC6-ABD9-A046D8770626}.Debug|Any CPU.ActiveCfg = Debug|Any CPU
		{276A2FEC-6A08-4CC6-ABD9-A046D8770626}.Debug|Any CPU.Build.0 = Debug|Any CPU
		{276A2FEC-6A08-4CC6-ABD9-A046D8770626}.Release|Any CPU.ActiveCfg = Release|Any CPU
		{276A2FEC-6A08-4CC6-ABD9-A046D8770626}.Release|Any CPU.Build.0 = Release|Any CPU
		{AB9ABDB6-28BE-7BC0-D701-EBE86F3AC022}.Debug|Any CPU.ActiveCfg = Debug|Any CPU
		{AB9ABDB6-28BE-7BC0-D701-EBE86F3AC022}.Debug|Any CPU.Build.0 = Debug|Any CPU
		{AB9ABDB6-28BE-7BC0-D701-EBE86F3AC022}.Release|Any CPU.ActiveCfg = Release|Any CPU
		{AB9ABDB6-28BE-7BC0-D701-EBE86F3AC022}.Release|Any CPU.Build.0 = Release|Any CPU
	EndGlobalSection
	GlobalSection(SolutionProperties) = preSolution
		HideSolutionNode = FALSE
	EndGlobalSection
	GlobalSection(NestedProjects) = preSolution
		{BF2D466A-30E9-2EEB-6FE4-18AA4EB479D1} = {02EA681E-C7D8-13C7-8484-4AC65E1B71E8}
		{AB9ABDB6-28BE-7BC0-D701-EBE86F3AC022} = {02EA681E-C7D8-13C7-8484-4AC65E1B71E8}
	EndGlobalSection
	GlobalSection(ExtensibilityGlobals) = postSolution
		SolutionGuid = {2466A945-D382-48A5-AEC4-3C087DB5F261}
	EndGlobalSection
EndGlobal
